
Microsoft Visual Studio Solution File, Format Version 12.00
# Visual Studio 15
Project("{FAE04EC0-301F-11D3-BF4B-00C04F79EFBC}") = "Assembly-CSharp", "Assembly-CSharp.csproj", "{B771AD64-E6A8-DAFB-3CB0-D60A27C5F36C}"
EndProject
Project("{FAE04EC0-301F-11D3-BF4B-00C04F79EFBC}") = "Assembly-CSharp-firstpass", "Assembly-CSharp-firstpass.csproj", "{76A7D0CB-2E26-3AD9-9620-9D6FE5E1422A}"
EndProject
Project("{FAE04EC0-301F-11D3-BF4B-00C04F79EFBC}") = "SimpleInput.Runtime", "SimpleInput.Runtime.csproj", "{E0D9560A-71F1-564A-F033-C4A95EFBED16}"
EndProject
Project("{FAE04EC0-301F-11D3-BF4B-00C04F79EFBC}") = "SimpleInput.Editor", "SimpleInput.Editor.csproj", "{A93A40D7-EF41-9DBD-B70F-C6A96B203F88}"
EndProject
Project("{FAE04EC0-301F-11D3-BF4B-00C04F79EFBC}") = "Assembly-CSharp-Editor-firstpass", "Assembly-CSharp-Editor-firstpass.csproj", "{7AC4B130-F7D3-44FD-7574-3A48C3A39A78}"
EndProject
Global
	GlobalSection(SolutionConfigurationPlatforms) = preSolution
		Debug|Any CPU = Debug|Any CPU
		Release|Any CPU = Release|Any CPU
	EndGlobalSection
	GlobalSection(ProjectConfigurationPlatforms) = postSolution
		{B771AD64-E6A8-DAFB-3CB0-D60A27C5F36C}.Debug|Any CPU.ActiveCfg = Debug|Any CPU
		{B771AD64-E6A8-DAFB-3CB0-D60A27C5F36C}.Debug|Any CPU.Build.0 = Debug|Any CPU
		{B771AD64-E6A8-DAFB-3CB0-D60A27C5F36C}.Release|Any CPU.ActiveCfg = Release|Any CPU
		{B771AD64-E6A8-DAFB-3CB0-D60A27C5F36C}.Release|Any CPU.Build.0 = Release|Any CPU
		{76A7D0CB-2E26-3AD9-9620-9D6FE5E1422A}.Debug|Any CPU.ActiveCfg = Debug|Any CPU
		{76A7D0CB-2E26-3AD9-9620-9D6FE5E1422A}.Debug|Any CPU.Build.0 = Debug|Any CPU
		{76A7D0CB-2E26-3AD9-9620-9D6FE5E1422A}.Release|Any CPU.ActiveCfg = Release|Any CPU
		{76A7D0CB-2E26-3AD9-9620-9D6FE5E1422A}.Release|Any CPU.Build.0 = Release|Any CPU
		{E0D9560A-71F1-564A-F033-C4A95EFBED16}.Debug|Any CPU.ActiveCfg = Debug|Any CPU
		{E0D9560A-71F1-564A-F033-C4A95EFBED16}.Debug|Any CPU.Build.0 = Debug|Any CPU
		{E0D9560A-71F1-564A-F033-C4A95EFBED16}.Release|Any CPU.ActiveCfg = Release|Any CPU
		{E0D9560A-71F1-564A-F033-C4A95EFBED16}.Release|Any CPU.Build.0 = Release|Any CPU
		{A93A40D7-EF41-9DBD-B70F-C6A96B203F88}.Debug|Any CPU.ActiveCfg = Debug|Any CPU
		{A93A40D7-EF41-9DBD-B70F-C6A96B203F88}.Debug|Any CPU.Build.0 = Debug|Any CPU
		{A93A40D7-EF41-9DBD-B70F-C6A96B203F88}.Release|Any CPU.ActiveCfg = Release|Any CPU
		{A93A40D7-EF41-9DBD-B70F-C6A96B203F88}.Release|Any CPU.Build.0 = Release|Any CPU
		{7AC4B130-F7D3-44FD-7574-3A48C3A39A78}.Debug|Any CPU.ActiveCfg = Debug|Any CPU
		{7AC4B130-F7D3-44FD-7574-3A48C3A39A78}.Debug|Any CPU.Build.0 = Debug|Any CPU
		{7AC4B130-F7D3-44FD-7574-3A48C3A39A78}.Release|Any CPU.ActiveCfg = Release|Any CPU
		{7AC4B130-F7D3-44FD-7574-3A48C3A39A78}.Release|Any CPU.Build.0 = Release|Any CPU
	EndGlobalSection
	GlobalSection(SolutionProperties) = preSolution
		HideSolutionNode = FALSE
	EndGlobalSection
EndGlobal
